
Microsoft Visual Studio Solution File, Format Version 12.00
# Visual Studio Version 16
VisualStudioVersion = 16.0.35425.106
MinimumVisualStudioVersion = 10.0.40219.1
Project("{8BC9CEB8-8B4A-11D0-8D11-00A0C91BC942}") = "4.1", "ConsoleApplication1\ConsoleApplication1.vcxproj", "{1A96B6F5-E91F-46FE-8642-1F28CEFE376A}"
EndProject
Project("{8BC9CEB8-8B4A-11D0-8D11-00A0C91BC942}") = "4.7", "4.7\4.7.vcxproj", "{9C30F5D4-A468-4F0C-9AFE-D23688120120}"
EndProject
Project("{8BC9CEB8-8B4A-11D0-8D11-00A0C91BC942}") = "4.2", "4.2\4.2.vcxproj", "{3497F976-2A46-4ABD-99A1-4E5358BD36CD}"
EndProject
Project("{8BC9CEB8-8B4A-11D0-8D11-00A0C91BC942}") = "4.3", "4.3\4.3.vcxproj", "{98DF8E8E-2261-4954-87F9-6CBD46D99B3E}"
EndProject
Project("{8BC9CEB8-8B4A-11D0-8D11-00A0C91BC942}") = "4.4", "4.4\4.4.vcxproj", "{7600D4EC-6C64-4E73-88FA-5CF909C6DB08}"
EndProject
Global
	GlobalSection(SolutionConfigurationPlatforms) = preSolution
		Debug|x64 = Debug|x64
		Debug|x86 = Debug|x86
		Release|x64 = Release|x64
		Release|x86 = Release|x86
	EndGlobalSection
	GlobalSection(ProjectConfigurationPlatforms) = postSolution
		{1A96B6F5-E91F-46FE-8642-1F28CEFE376A}.Debug|x64.ActiveCfg = Debug|x64
		{1A96B6F5-E91F-46FE-8642-1F28CEFE376A}.Debug|x64.Build.0 = Debug|x64
		{1A96B6F5-E91F-46FE-8642-1F28CEFE376A}.Debug|x86.ActiveCfg = Debug|Win32
		{1A96B6F5-E91F-46FE-8642-1F28CEFE376A}.Debug|x86.Build.0 = Debug|Win32
		{1A96B6F5-E91F-46FE-8642-1F28CEFE376A}.Release|x64.ActiveCfg = Release|x64
		{1A96B6F5-E91F-46FE-8642-1F28CEFE376A}.Release|x64.Build.0 = Release|x64
		{1A96B6F5-E91F-46FE-8642-1F28CEFE376A}.Release|x86.ActiveCfg = Release|Win32
		{1A96B6F5-E91F-46FE-8642-1F28CEFE376A}.Release|x86.Build.0 = Release|Win32
		{9C30F5D4-A468-4F0C-9AFE-D23688120120}.Debug|x64.ActiveCfg = Debug|x64
		{9C30F5D4-A468-4F0C-9AFE-D23688120120}.Debug|x64.Build.0 = Debug|x64
		{9C30F5D4-A468-4F0C-9AFE-D23688120120}.Debug|x86.ActiveCfg = Debug|Win32
		{9C30F5D4-A468-4F0C-9AFE-D23688120120}.Debug|x86.Build.0 = Debug|Win32
		{9C30F5D4-A468-4F0C-9AFE-D23688120120}.Release|x64.ActiveCfg = Release|x64
		{9C30F5D4-A468-4F0C-9AFE-D23688120120}.Release|x64.Build.0 = Release|x64
		{9C30F5D4-A468-4F0C-9AFE-D23688120120}.Release|x86.ActiveCfg = Release|Win32
		{9C30F5D4-A468-4F0C-9AFE-D23688120120}.Release|x86.Build.0 = Release|Win32
		{3497F976-2A46-4ABD-99A1-4E5358BD36CD}.Debug|x64.ActiveCfg = Debug|x64
		{3497F976-2A46-4ABD-99A1-4E5358BD36CD}.Debug|x64.Build.0 = Debug|x64
		{3497F976-2A46-4ABD-99A1-4E5358BD36CD}.Debug|x86.ActiveCfg = Debug|Win32
		{3497F976-2A46-4ABD-99A1-4E5358BD36CD}.Debug|x86.Build.0 = Debug|Win32
		{3497F976-2A46-4ABD-99A1-4E5358BD36CD}.Release|x64.ActiveCfg = Release|x64
		{3497F976-2A46-4ABD-99A1-4E5358BD36CD}.Release|x64.Build.0 = Release|x64
		{3497F976-2A46-4ABD-99A1-4E5358BD36CD}.Release|x86.ActiveCfg = Release|Win32
		{3497F976-2A46-4ABD-99A1-4E5358BD36CD}.Release|x86.Build.0 = Release|Win32
		{98DF8E8E-2261-4954-87F9-6CBD46D99B3E}.Debug|x64.ActiveCfg = Debug|x64
		{98DF8E8E-2261-4954-87F9-6CBD46D99B3E}.Debug|x64.Build.0 = Debug|x64
		{98DF8E8E-2261-4954-87F9-6CBD46D99B3E}.Debug|x86.ActiveCfg = Debug|Win32
		{98DF8E8E-2261-4954-87F9-6CBD46D99B3E}.Debug|x86.Build.0 = Debug|Win32
		{98DF8E8E-2261-4954-87F9-6CBD46D99B3E}.Release|x64.ActiveCfg = Release|x64
		{98DF8E8E-2261-4954-87F9-6CBD46D99B3E}.Release|x64.Build.0 = Release|x64
		{98DF8E8E-2261-4954-87F9-6CBD46D99B3E}.Release|x86.ActiveCfg = Release|Win32
		{98DF8E8E-2261-4954-87F9-6CBD46D99B3E}.Release|x86.Build.0 = Release|Win32
		{7600D4EC-6C64-4E73-88FA-5CF909C6DB08}.Debug|x64.ActiveCfg = Debug|x64
		{7600D4EC-6C64-4E73-88FA-5CF909C6DB08}.Debug|x64.Build.0 = Debug|x64
		{7600D4EC-6C64-4E73-88FA-5CF909C6DB08}.Debug|x86.ActiveCfg = Debug|Win32
		{7600D4EC-6C64-4E73-88FA-5CF909C6DB08}.Debug|x86.Build.0 = Debug|Win32
		{7600D4EC-6C64-4E73-88FA-5CF909C6DB08}.Release|x64.ActiveCfg = Release|x64
		{7600D4EC-6C64-4E73-88FA-5CF909C6DB08}.Release|x64.Build.0 = Release|x64
		{7600D4EC-6C64-4E73-88FA-5CF909C6DB08}.Release|x86.ActiveCfg = Release|Win32
		{7600D4EC-6C64-4E73-88FA-5CF909C6DB08}.Release|x86.Build.0 = Release|Win32
	EndGlobalSection
	GlobalSection(SolutionProperties) = preSolution
		HideSolutionNode = FALSE
	EndGlobalSection
	GlobalSection(ExtensibilityGlobals) = postSolution
		SolutionGuid = {8496C034-1080-4D62-A77C-3B5D39D0DB02}
	EndGlobalSection
EndGlobal
